{
  "lockfile_version": "1",
  "packages": {
    "opentofu@latest": {
      "last_modified": "2025-07-06T07:15:37Z",
      "resolved": "github:NixOS/nixpkgs/ceb24d94c6feaa4e8737a8e2bd3cf71c3a7eaaa0#opentofu",
      "source": "devbox-search",
      "version": "1.10.2",
      "systems": {
        "aarch64-darwin": {
          "outputs": [
            {
              "name": "out",
              "path": "/nix/store/kg0s6qpa809l60jxyyx0ff8hxxdd9wsq-opentofu-1.10.2",
              "default": true
            }
          ],
          "store_path": "/nix/store/kg0s6qpa809l60jxyyx0ff8hxxdd9wsq-opentofu-1.10.2"
        },
        "aarch64-linux": {
          "outputs": [
            {
              "name": "out",
              "path": "/nix/store/0pry9l8xh4kypkcz9ixjm9j4dd0yxzf8-opentofu-1.10.2",
              "default": true
            }
          ],
          "store_path": "/nix/store/0pry9l8xh4kypkcz9ixjm9j4dd0yxzf8-opentofu-1.10.2"
        },
        "x86_64-darwin": {
          "outputs": [
            {
              "name": "out",
              "path": "/nix/store/63g75a2yc27bkknx654klhgggc7jgvqv-opentofu-1.10.2",
              "default": true
            }
          ],
          "store_path": "/nix/store/63g75a2yc27bkknx654klhgggc7jgvqv-opentofu-1.10.2"
        },
        "x86_64-linux": {
          "outputs": [
            {
              "name": "out",
              "path": "/nix/store/yi5grlvjbz4wq77dgq529h5n5jz7qsmr-opentofu-1.10.2",
              "default": true
            }
          ],
          "store_path": "/nix/store/yi5grlvjbz4wq77dgq529h5n5jz7qsmr-opentofu-1.10.2"
        }
      }
    }
  }
}
